Microsoft Visual Studio Solution File, Format Version 12.00
# Visual Studio Version 17
VisualStudioVersion = 17.5.2.0
MinimumVisualStudioVersion = 10.0.40219.1
Project("{FAE04EC0-301F-11D3-BF4B-00C04F79EFBC}") = "CollegeEventRegistration", "CollegeEventRegistration.csproj", "{2A5D4FF3-4372-2F83-9445-CFBAD5974B5A}"
EndProject
Global
	GlobalSection(SolutionConfigurationPlatforms) = preSolution
		Debug|Any CPU = Debug|Any CPU
		Release|Any CPU = Release|Any CPU
	EndGlobalSection
	GlobalSection(ProjectConfigurationPlatforms) = postSolution
		{2A5D4FF3-4372-2F83-9445-CFBAD5974B5A}.Debug|Any CPU.ActiveCfg = Debug|Any CPU
		{2A5D4FF3-4372-2F83-9445-CFBAD5974B5A}.Debug|Any CPU.Build.0 = Debug|Any CPU
		{2A5D4FF3-4372-2F83-9445-CFBAD5974B5A}.Release|Any CPU.ActiveCfg = Release|Any CPU
		{2A5D4FF3-4372-2F83-9445-CFBAD5974B5A}.Release|Any CPU.Build.0 = Release|Any CPU
	EndGlobalSection
	GlobalSection(SolutionProperties) = preSolution
		HideSolutionNode = FALSE
	EndGlobalSection
	GlobalSection(ExtensibilityGlobals) = postSolution
		SolutionGuid = {223C71BA-6CCD-4426-A57B-893A0B077FFE}
	EndGlobalSection
EndGlobal
